[[package]]
name = "aiofiles"
version = "24.1.0"
description = "File support for asyncio."
category = "main"
optional = false
python-versions = ">=3.8"

[[package]]
name = "aiogram"
version = "3.13.1"
description = "Modern and fully asynchronous framework for Telegram Bot API"
category = "main"
optional = false
python-versions = ">=3.8"

[package.dependencies]
aiofiles = ">=23.2.1,<24.2"
aiohttp = ">=3.9.0,<3.11"
certifi = ">=2023.7.22"
magic-filter = ">=1.0.12,<1.1"
pydantic = {version = ">=2.4.1,<2.10", markers = "python_version >= \"3.9\""}
typing-extensions = ">=4.7.0,<=5.0"

[package.extras]
cli = ["aiogram-cli (>=1.1.0,<2.0.0)"]
dev = ["black (>=24.4.2,<24.5.0)", "isort (>=5.13.2,<5.14.0)", "motor-types (>=1.0.0b4,<1.1.0)", "mypy (>=1.10.0,<1.11.0)", "packaging (>=24.1,<25.0)", "pre-commit (>=3.5,<4.0)", "ruff (>=0.5.1,<0.6.0)", "toml (>=0.10.2,<0.11.0)"]
docs = ["furo (>=2024.8.6,<2024.9.0)", "markdown-include (>=0.8.1,<0.9.0)", "pygments (>=2.18.0,<2.19.0)", "pymdown-extensions (>=10.3,<11.0)", "sphinx-autobuild (>=2024.9.3,<2024.10.0)", "sphinx-copybutton (>=0.5.2,<0.6.0)", "sphinx-intl (>=2.2.0,<2.3.0)", "sphinx-substitution-extensions (>=2024.8.6,<2024.9.0)", "sphinxcontrib-towncrier (>=0.4.0a0,<0.5.0)", "sphinx (>=8.0.2,<8.1.0)", "towncrier (>=24.8.0,<24.9.0)"]
fast = ["aiodns (>=3.0.0)", "uvloop (>=0.17.0)"]
i18n = ["babel (>=2.13.0,<2.14.0)"]
mongo = ["motor (>=3.3.2,<3.7.0)"]
proxy = ["aiohttp-socks (>=0.8.3,<0.9.0)"]
redis = ["redis[hiredis] (>=5.0.1,<5.1.0)"]
test = ["aresponses (>=2.1.6,<2.2.0)", "pycryptodomex (>=3.19.0,<3.20.0)", "pytest-aiohttp (>=1.0.5,<1.1.0)", "pytest-asyncio (>=0.21.1,<0.22.0)", "pytest-cov (>=4.1.0,<4.2.0)", "pytest-html (>=4.0.2,<4.1.0)", "pytest-lazy-fixture (>=0.6.3,<0.7.0)", "pytest-mock (>=3.12.0,<3.13.0)", "pytest-mypy (>=0.10.3,<0.11.0)", "pytest (>=7.4.2,<7.5.0)", "pytz (>=2023.3,<2024.0)"]

[[package]]
name = "aiohappyeyeballs"
version = "2.4.3"
description = "Happy Eyeballs for asyncio"
category = "main"
optional = false
python-versions = ">=3.8"

[[package]]
name = "aiohttp"
version = "3.10.8"
description = "Async http client/server framework (asyncio)"
category = "main"
optional = false
python-versions = ">=3.8"

[package.dependencies]
aiohappyeyeballs = ">=2.3.0"
aiosignal = ">=1.1.2"
attrs = ">=17.3.0"
frozenlist = ">=1.1.1"
multidict = ">=4.5,<7.0"
yarl = ">=1.12.0,<2.0"

[package.extras]
speedups = ["brotlicffi", "brotli", "aiodns (>=3.2.0)"]

[[package]]
name = "aiosignal"
version = "1.3.1"
description = "aiosignal: a list of registered asynchronous callbacks"
category = "main"
optional = false
python-versions = ">=3.7"

[package.dependencies]
frozenlist = ">=1.1.0"

[[package]]
name = "annotated-types"
version = "0.7.0"
description = "Reusable constraint types to use with typing.Annotated"
category = "main"
optional = false
python-versions = ">=3.8"

[[package]]
name = "async-timeout"
version = "4.0.3"
description = "Timeout context manager for asyncio programs"
category = "main"
optional = false
python-versions = ">=3.7"

[[package]]
name = "atomicwrites"
version = "1.4.1"
description = "Atomic file writes."
category = "dev"
optional = false
python-versions = ">=2.7, !=3.0.*, !=3.1.*, !=3.2.*, !=3.3.*"

[[package]]
name = "attrs"
version = "24.2.0"
description = "Classes Without Boilerplate"
category = "main"
optional = false
python-versions = ">=3.7"

[package.extras]
benchmark = ["cloudpickle", "hypothesis", "mypy (>=1.11.1)", "pympler", "pytest-codspeed", "pytest-mypy-plugins", "pytest-xdist", "pytest (>=4.3.0)"]
cov = ["cloudpickle", "coverage[toml] (>=5.3)", "hypothesis", "mypy (>=1.11.1)", "pympler", "pytest-mypy-plugins", "pytest-xdist", "pytest (>=4.3.0)"]
dev = ["cloudpickle", "hypothesis", "mypy (>=1.11.1)", "pre-commit", "pympler", "pytest-mypy-plugins", "pytest-xdist", "pytest (>=4.3.0)"]
docs = ["cogapp", "furo", "myst-parser", "sphinx", "sphinx-notfound-page", "sphinxcontrib-towncrier", "towncrier (<24.7)"]
tests = ["cloudpickle", "hypothesis", "mypy (>=1.11.1)", "pympler", "pytest-mypy-plugins", "pytest-xdist", "pytest (>=4.3.0)"]
tests-mypy = ["mypy (>=1.11.1)", "pytest-mypy-plugins"]

[[package]]
name = "beautifulsoup4"
version = "4.12.3"
description = "Screen-scraping library"
category = "main"
optional = false
python-versions = ">=3.6.0"

[package.dependencies]
soupsieve = ">1.2"

[package.extras]
cchardet = ["cchardet"]
chardet = ["chardet"]
charset-normalizer = ["charset-normalizer"]
html5lib = ["html5lib"]
lxml = ["lxml"]

[[package]]
name = "blinker"
version = "1.8.2"
description = "Fast, simple object-to-object and broadcast signaling"
category = "main"
optional = false
python-versions = ">=3.8"

[[package]]
name = "certifi"
version = "2024.8.30"
description = "Python package for providing Mozilla's CA Bundle."
category = "main"
optional = false
python-versions = ">=3.6"

[[package]]
name = "cffi"
version = "1.17.1"
description = "Foreign Function Interface for Python calling C code."
category = "main"
optional = false
python-versions = ">=3.8"

[package.dependencies]
pycparser = "*"

[[package]]
name = "charset-normalizer"
version = "3.3.2"
description = "The Real First Universal Charset Detector. Open, modern and actively maintained alternative to Chardet."
category = "main"
optional = false
python-versions = ">=3.7.0"

[[package]]
name = "click"
version = "8.1.7"
description = "Composable command line interface toolkit"
category = "main"
optional = false
python-versions = ">=3.7"

[package.dependencies]
colorama = {version = "*", markers = "platform_system == \"Windows\""}

[[package]]
name = "colorama"
version = "0.4.6"
description = "Cross-platform colored terminal text."
category = "main"
optional = false
python-versions = "!=3.0.*,!=3.1.*,!=3.2.*,!=3.3.*,!=3.4.*,!=3.5.*,!=3.6.*,>=2.7"

[[package]]
name = "cryptography"
version = "41.0.7"
description = "cryptography is a package which provides cryptographic recipes and primitives to Python developers."
category = "main"
optional = false
python-versions = ">=3.7"

[package.dependencies]
cffi = ">=1.12"

[package.extras]
docs = ["sphinx (>=5.3.0)", "sphinx-rtd-theme (>=1.1.1)"]
docstest = ["pyenchant (>=1.6.11)", "twine (>=1.12.0)", "sphinxcontrib-spelling (>=4.0.1)"]
nox = ["nox"]
pep8test = ["black", "ruff", "mypy", "check-sdist"]
sdist = ["build"]
ssh = ["bcrypt (>=3.1.5)"]
test = ["pytest (>=6.2.0)", "pytest-benchmark", "pytest-cov", "pytest-xdist", "pretend"]
test-randomorder = ["pytest-randomly"]

[[package]]
name = "flask"
version = "3.0.3"
description = "A simple framework for building complex web applications."
category = "main"
optional = false
python-versions = ">=3.8"

[package.dependencies]
blinker = ">=1.6.2"
click = ">=8.1.3"
itsdangerous = ">=2.1.2"
Jinja2 = ">=3.1.2"
Werkzeug = ">=3.0.0"

[package.extras]
async = ["asgiref (>=3.2)"]
dotenv = ["python-dotenv"]

[[package]]
name = "flask-cors"
version = "5.0.0"
description = "A Flask extension adding a decorator for CORS support"
category = "main"
optional = false
python-versions = "*"

[package.dependencies]
Flask = ">=0.9"

[[package]]
name = "frozenlist"
version = "1.4.1"
description = "A list-like structure which implements collections.abc.MutableSequence"
category = "main"
optional = false
python-versions = ">=3.8"

[[package]]
name = "idna"
version = "3.10"
description = "Internationalized Domain Names in Applications (IDNA)"
category = "main"
optional = false
python-versions = ">=3.6"

[package.extras]
all = ["ruff (>=0.6.2)", "mypy (>=1.11.2)", "pytest (>=8.3.2)", "flake8 (>=7.1.1)"]

[[package]]
name = "itsdangerous"
version = "2.2.0"
description = "Safely pass data to untrusted environments and back."
category = "main"
optional = false
python-versions = ">=3.8"

[[package]]
name = "jinja2"
version = "3.1.4"
description = "A very fast and expressive template engine."
category = "main"
optional = false
python-versions = ">=3.7"

[package.dependencies]
MarkupSafe = ">=2.0"

[package.extras]
i18n = ["Babel (>=2.7)"]

[[package]]
name = "magic-filter"
version = "1.0.12"
description = ""
category = "main"
optional = false
python-versions = ">=3.7"

[package.extras]
dev = ["black (>=22.8.0,<22.9.0)", "flake8 (>=5.0.4,<5.1.0)", "isort (>=5.11.5,<5.12.0)", "mypy (>=1.4.1,<1.5.0)", "pre-commit (>=2.20.0,<2.21.0)", "pytest-cov (>=3.0.0,<3.1.0)", "pytest-html (>=3.1.1,<3.2.0)", "pytest (>=7.1.3,<7.2.0)", "types-setuptools (>=65.3.0,<65.4.0)"]

[[package]]
name = "markdownify"
version = "0.13.1"
description = "Convert HTML to markdown."
category = "main"
optional = false
python-versions = "*"

[package.dependencies]
beautifulsoup4 = ">=4.9,<5"
six = ">=1.15,<2"

[[package]]
name = "markupsafe"
version = "2.1.5"
description = "Safely add untrusted strings to HTML/XML markup."
category = "main"
optional = false
python-versions = ">=3.7"

[[package]]
name = "mistletoe"
version = "1.4.0"
description = "A fast, extensible Markdown parser in pure Python."
category = "main"
optional = false
python-versions = "~=3.5"

[[package]]
name = "more-itertools"
version = "10.5.0"
description = "More routines for operating on iterables, beyond itertools"
category = "dev"
optional = false
python-versions = ">=3.8"

[[package]]
name = "multidict"
version = "6.1.0"
description = "multidict implementation"
category = "main"
optional = false
python-versions = ">=3.8"

[[package]]
name = "packaging"
version = "24.1"
description = "Core utilities for Python packages"
category = "dev"
optional = false
python-versions = ">=3.8"

[[package]]
name = "pluggy"
version = "0.13.1"
description = "plugin and hook calling mechanisms for python"
category = "dev"
optional = false
python-versions = ">=2.7, !=3.0.*, !=3.1.*, !=3.2.*, !=3.3.*"

[package.extras]
dev = ["pre-commit", "tox"]

[[package]]
name = "py"
version = "1.11.0"
description = "library with cross-python path, ini-parsing, io, code, log facilities"
category = "dev"
optional = false
python-versions = ">=2.7, !=3.0.*, !=3.1.*, !=3.2.*, !=3.3.*, !=3.4.*"

[[package]]
name = "pycparser"
version = "2.22"
description = "C parser in Python"
category = "main"
optional = false
python-versions = ">=3.8"

[[package]]
name = "pydantic"
version = "2.9.2"
description = "Data validation using Python type hints"
category = "main"
optional = false
python-versions = ">=3.8"

[package.dependencies]
annotated-types = ">=0.6.0"
pydantic-core = "2.23.4"
typing-extensions = [
    {version = ">=4.12.2", markers = "python_version >= \"3.13\""},
    {version = ">=4.6.1", markers = "python_version < \"3.13\""},
]

[package.extras]
email = ["email-validator (>=2.0.0)"]
timezone = ["tzdata"]

[[package]]
name = "pydantic-core"
version = "2.23.4"
description = "Core functionality for Pydantic validation and serialization"
category = "main"
optional = false
python-versions = ">=3.8"

[package.dependencies]
typing-extensions = ">=4.6.0,<4.7.0 || >4.7.0"

[[package]]
name = "pytelegrambotapi"
version = "4.22.1"
description = "Python Telegram bot api."
category = "main"
optional = false
python-versions = ">=3.8"

[package.dependencies]
requests = "*"

[package.extras]
aiohttp = ["aiohttp"]
coloredlogs = ["coloredlogs"]
fastapi = ["fastapi"]
json = ["ujson"]
pil = ["pillow"]
psutil = ["psutil"]
redis = ["redis (>=3.4.1)"]
uvicorn = ["uvicorn"]
watchdog = ["watchdog"]

[[package]]
name = "pytest"
version = "5.4.3"
description = "pytest: simple powerful testing with Python"
category = "dev"
optional = false
python-versions = ">=3.5"

[package.dependencies]
atomicwrites = {version = ">=1.0", markers = "sys_platform == \"win32\""}
attrs = ">=17.4.0"
colorama = {version = "*", markers = "sys_platform == \"win32\""}
more-itertools = ">=4.0.0"
packaging = "*"
pluggy = ">=0.12,<1.0"
py = ">=1.5.0"
wcwidth = "*"

[package.extras]
checkqa-mypy = ["mypy (==v0.761)"]
testing = ["argcomplete", "hypothesis (>=3.56)", "mock", "nose", "requests", "xmlschema"]

[[package]]
name = "python-dotenv"
version = "0.21.1"
description = "Read key-value pairs from a .env file and set them as environment variables"
category = "main"
optional = false
python-versions = ">=3.7"

[package.extras]
cli = ["click (>=5.0)"]

[[package]]
name = "python-dotenv-vault"
version = "0.6.4"
description = "Decrypt .env.vault file."
category = "main"
optional = false
python-versions = "*"

[package.dependencies]
cryptography = ">41.0.3,<42.0.0"
python-dotenv = ">=0.21.0,<0.22.0"

[[package]]
name = "requests"
version = "2.32.3"
description = "Python HTTP for Humans."
category = "main"
optional = false
python-versions = ">=3.8"

[package.dependencies]
certifi = ">=2017.4.17"
charset-normalizer = ">=2,<4"
idna = ">=2.5,<4"
urllib3 = ">=1.21.1,<3"

[package.extras]
socks = ["PySocks (>=1.5.6,!=1.5.7)"]
use-chardet-on-py3 = ["chardet (>=3.0.2,<6)"]

[[package]]
name = "six"
version = "1.16.0"
description = "Python 2 and 3 compatibility utilities"
category = "main"
optional = false
python-versions = ">=2.7, !=3.0.*, !=3.1.*, !=3.2.*"

[[package]]
name = "soupsieve"
version = "2.6"
description = "A modern CSS selector implementation for Beautiful Soup."
category = "main"
optional = false
python-versions = ">=3.8"

[[package]]
name = "sulguk"
version = "0.8.0"
description = "Converter HTML to Telegram Entities"
category = "main"
optional = false
python-versions = ">=3.8"

[package.extras]
cli = ["aiogram"]

[[package]]
name = "telegramify-markdown"
version = "0.1.12"
description = "Convert Markdown to a format usable by Telegram."
category = "main"
optional = false
python-versions = ">=3.8"

[package.dependencies]
mistletoe = "1.4.0"
pytelegrambotapi = ">=4.18.1"

[[package]]
name = "typing-extensions"
version = "4.12.2"
description = "Backported and Experimental Type Hints for Python 3.8+"
category = "main"
optional = false
python-versions = ">=3.8"

[[package]]
name = "urllib3"
version = "2.2.3"
description = "HTTP library with thread-safe connection pooling, file post, and more."
category = "main"
optional = false
python-versions = ">=3.8"

[package.extras]
brotli = ["brotli (>=1.0.9)", "brotlicffi (>=0.8.0)"]
h2 = ["h2 (>=4,<5)"]
socks = ["pysocks (>=1.5.6,!=1.5.7,<2.0)"]
zstd = ["zstandard (>=0.18.0)"]

[[package]]
name = "wcwidth"
version = "0.2.13"
description = "Measures the displayed width of unicode strings in a terminal"
category = "dev"
optional = false
python-versions = "*"

[[package]]
name = "werkzeug"
version = "3.0.4"
description = "The comprehensive WSGI web application library."
category = "main"
optional = false
python-versions = ">=3.8"

[package.dependencies]
MarkupSafe = ">=2.1.1"

[package.extras]
watchdog = ["watchdog (>=2.3)"]

[[package]]
name = "yarl"
version = "1.13.1"
description = "Yet another URL library"
category = "main"
optional = false
python-versions = ">=3.8"

[package.dependencies]
idna = ">=2.0"
multidict = ">=4.0"

[metadata]
lock-version = "1.1"
python-versions = "^3.12"
content-hash = "9439ba05feafca305999f2b8f749e752e62335e3635d979271d367c33f998e0a"

[metadata.files]
aiofiles = []
aiogram = []
aiohappyeyeballs = []
aiohttp = []
aiosignal = []
annotated-types = []
async-timeout = []
atomicwrites = []
attrs = []
beautifulsoup4 = []
blinker = []
certifi = []
cffi = []
charset-normalizer = []
click = []
colorama = []
cryptography = []
flask = []
flask-cors = []
frozenlist = []
idna = []
itsdangerous = []
jinja2 = []
magic-filter = []
markdownify = []
markupsafe = []
mistletoe = []
more-itertools = []
multidict = []
packaging = []
pluggy = []
py = []
pycparser = []
pydantic = []
pydantic-core = []
pytelegrambotapi = []
pytest = []
python-dotenv = []
python-dotenv-vault = []
requests = []
six = []
soupsieve = []
sulguk = []
telegramify-markdown = []
typing-extensions = []
urllib3 = []
wcwidth = []
werkzeug = []
yarl = []
